{
  "name": "mono-portfolio",
  "version": "1.0.0",
  "lockfileVersion": 3,
  "requires": true,
  "packages": {
    "": {
      "name": "mono-portfolio",
      "version": "1.0.0",
      "license": "ISC",
      "workspaces": [
        "packages/vite",
        "packages/hono",
        "packages/next",
        "packages/docs",
        "packages/libs"
      ]
    },
    "node_modules/docs": {
      "resolved": "packages/docs",
      "link": true
    },
    "node_modules/hono": {
      "resolved": "packages/hono",
      "link": true
    },
    "node_modules/libs": {
      "resolved": "packages/libs",
      "link": true
    },
    "node_modules/next": {
      "resolved": "packages/next",
      "link": true
    },
    "node_modules/vite": {
      "resolved": "packages/vite",
      "link": true
    },
    "packages/docs": {
      "version": "1.0.0",
      "license": "ISC",
      "devDependencies": {}
    },
    "packages/hono": {
      "version": "1.0.0",
      "license": "ISC",
      "devDependencies": {}
    },
    "packages/libs": {
      "version": "1.0.0",
      "license": "ISC",
      "devDependencies": {}
    },
    "packages/next": {
      "version": "1.0.0",
      "license": "ISC",
      "devDependencies": {}
    },
    "packages/vite": {
      "version": "1.0.0",
      "license": "ISC"
    }
  }
}
